
Microsoft Visual Studio Solution File, Format Version 12.00
Project("{FAE04EC0-301F-11D3-BF4B-00C04F79EFBC}") = "MongoWebApi", "MongoWebApi\MongoWebApi.csproj", "{06F667B1-31FD-44D4-9E58-9D1456EE8D1B}"
EndProject
Project("{FAE04EC0-301F-11D3-BF4B-00C04F79EFBC}") = "Frontend", "Frontend\Frontend.csproj", "{53E2072B-AAC0-4FFD-8E6C-44557ED731EB}"
EndProject
Global
	GlobalSection(SolutionConfigurationPlatforms) = preSolution
		Debug|Any CPU = Debug|Any CPU
		Release|Any CPU = Release|Any CPU
	EndGlobalSection
	GlobalSection(ProjectConfigurationPlatforms) = postSolution
		{06F667B1-31FD-44D4-9E58-9D1456EE8D1B}.Debug|Any CPU.ActiveCfg = Debug|Any CPU
		{06F667B1-31FD-44D4-9E58-9D1456EE8D1B}.Debug|Any CPU.Build.0 = Debug|Any CPU
		{06F667B1-31FD-44D4-9E58-9D1456EE8D1B}.Release|Any CPU.ActiveCfg = Release|Any CPU
		{06F667B1-31FD-44D4-9E58-9D1456EE8D1B}.Release|Any CPU.Build.0 = Release|Any CPU
		{53E2072B-AAC0-4FFD-8E6C-44557ED731EB}.Debug|Any CPU.ActiveCfg = Debug|Any CPU
		{53E2072B-AAC0-4FFD-8E6C-44557ED731EB}.Debug|Any CPU.Build.0 = Debug|Any CPU
		{53E2072B-AAC0-4FFD-8E6C-44557ED731EB}.Release|Any CPU.ActiveCfg = Release|Any CPU
		{53E2072B-AAC0-4FFD-8E6C-44557ED731EB}.Release|Any CPU.Build.0 = Release|Any CPU
	EndGlobalSection
EndGlobal
